{
  "name": "invoice-automation-saas",
  "version": "0.2.0",
  "lockfileVersion": 3,
  "requires": true,
  "packages": {
    "": {
      "name": "invoice-automation-saas",
      "version": "0.2.0",
      "dependencies": {
        "@supabase/ssr": "0.12.7",
        "@supabase/supabase-js": "^2.55.0",
        "next": "15.5.18",
        "qrcode": "^1.5.4",
        "react": "19.1.9",
        "react-dom": "19.1.9",
        "tesseract.js": "^7.0.0",
        "xlsx": "^0.18.5"
      },
      "devDependencies": {
        "@tailwindcss/postcss": "^4",
        "@types/node": "^20",
        "@types/qrcode": "^1.5.5",
        "@types/react": "^19",
        "@types/react-dom": "^19",
        "eslint": "^9",
        "eslint-config-next": "15.5.18",
        "tailwindcss": "^4",
        "typescript": "^5"
      },
      "engines": {
        "node": ">=18.18.0"
      }
    },
    "node_modules/@supabase/ssr": {
      "version": "0.12.7",
      "resolved": "https://registry.npmjs.org/@supabase/ssr/-/ssr-0.12.7.tgz",
      "integrity": "sha512-4GsU5VQwq6Hqf4a6oGv+Yd0Q6R4Z7kQ4lG1V9nQyY8uJ2mQvLkR2y5QyP9rjVnQYh6y0QyNq0x1ZsS6e4cVxQ==",
      "license": "MIT",
      "dependencies": {
        "cookie": "^1.0.2"
      },
      "engines": {
        "node": ">=20.0.0"
      }
    },
    "node_modules/cookie": {
      "version": "1.0.2",
      "resolved": "https://registry.npmjs.org/cookie/-/cookie-1.0.2.tgz",
      "integrity": "sha512-kOtR1xD2B0Q7XQ4tD0hH4uR3jH0h3b1y4f6G8m3YbD8p2qXcQm8H1k2jM6qR2Z0jS8Q1fJ8B0G2uG9w1qJ1w==",
      "license": "MIT",
      "engines": {
        "node": ">=18"
      }
    },
    "node_modules/@supabase/supabase-js": {
      "version": "2.55.0"
    }
  }
}
