name: Regenerate lockfile for Plesk Node 24

on:
  push:
    branches:
      - plesk-node24-compat-20261002

permissions:
  contents: write

jobs:
  regenerate:
    runs-on: ubuntu-latest
    timeout-minutes: 30
    env:
      NEXT_PUBLIC_SUPABASE_URL: https://build-placeholder.supabase.co
      NEXT_PUBLIC_SUPABASE_PUBLISHABLE_KEY: build-placeholder-key
    steps:
      - name: Checkout
        uses: actions/checkout@v4

      - name: Setup Node
        uses: actions/setup-node@v4
        with:
          node-version-file: .nvmrc
          cache: npm

      - name: Regenerate lockfile from scratch with target Node/npm
        shell: bash
        run: |
          set -euo pipefail
          rm -f package-lock.json
          npm install --package-lock-only --ignore-scripts --no-audit

      - name: Clean install validation
        run: npm ci --ignore-scripts --no-audit

      - name: Typecheck
        run: npx tsc --noEmit

      - name: Lint
        run: npm run lint

      - name: Production dependency audit
        run: npm audit --omit=dev --audit-level=high

      - name: Financial invariants
        run: npm run test:financial

      - name: Correction contract tests
        run: node --test tests/correction-contract.test.mjs

      - name: Receipt delivery contract tests
        run: node --test tests/receipt-delivery-contract.test.mjs

      - name: Production build
        run: npm run build

      - name: Commit regenerated lockfile
        shell: bash
        run: |
          set -euo pipefail
          git config user.name "github-actions[bot]"
          git config user.email "41898282+github-actions[bot]@users.noreply.github.com"
          git add package-lock.json
          git commit -m "chore: regenerate lockfile for Node 24"
          git push
